PODS:
  - DeskCommon (1.0.3)
  - DeskCommonTest (1.0.0)
  - Expecta (0.3.1)
  - OCMock (3.0.2)
  - OHHTTPStubs (3.1.10):
    - OHHTTPStubs/Core (= 3.1.10)
  - OHHTTPStubs/Core (3.1.10)

DEPENDENCIES:
  - DeskCommon (from `git@github.com:forcedotcom/DeskCommon-Cocoa.git`, tag `1.0.3`)
  - DeskCommonTest (from `git@github.com:forcedotcom/DeskCommonTest-Cocoa.git`)
  - Expecta (~> 0.3.1)
  - OCMock (~> 3.0.2)
  - OHHTTPStubs (~> 3.1.9)

EXTERNAL SOURCES:
  DeskCommon:
    :git: git@github.com:forcedotcom/DeskCommon-Cocoa.git
    :tag: 1.0.3
  DeskCommonTest:
    :git: git@github.com:forcedotcom/DeskCommonTest-Cocoa.git

CHECKOUT OPTIONS:
  DeskCommon:
    :git: git@github.com:forcedotcom/DeskCommon-Cocoa.git
    :tag: 1.0.3
  DeskCommonTest:
    :commit: 9430384181582187c917925fba08d7c355294700
    :git: git@github.com:forcedotcom/DeskCommonTest-Cocoa.git

SPEC CHECKSUMS:
  DeskCommon: e4f7845e2dc91bfb03cd142e67de8ee8e2f89c82
  DeskCommonTest: 453b457f319553101d7fcbb141de01b2cec3964e
  Expecta: a354d4633409dd9fe8c4f5ff5130426adbe31628
  OCMock: 1f0871af0f397183f33e7552cca088bd2b485c25
  OHHTTPStubs: 00152a63400246fcbc4b772a2a547ea34c97cbd6

COCOAPODS: 0.35.0
